PODS:
  - device_info_plus (0.0.1):
    - Flutter
  - eraser (0.0.1):
    - Flutter
  - Flutter (1.0.0)
  - flutter_secure_storage (6.0.0):
    - Flutter
  - isar_community_flutter_libs (1.0.0):
    - Flutter
  - nsd_ios (0.0.1):
    - Flutter
  - open_filex (0.0.2):
    - Flutter

DEPENDENCIES:
  - device_info_plus (from `.symlinks/plugins/device_info_plus/ios`)
  - eraser (from `.symlinks/plugins/eraser/ios`)
  - Flutter (from `Flutter`)
  - flutter_secure_storage (from `.symlinks/plugins/flutter_secure_storage/ios`)
  - isar_community_flutter_libs (from `.symlinks/plugins/isar_community_flutter_libs/ios`)
  - nsd_ios (from `.symlinks/plugins/nsd_ios/ios`)
  - open_filex (from `.symlinks/plugins/open_filex/ios`)

EXTERNAL SOURCES:
  device_info_plus:
    :path: ".symlinks/plugins/device_info_plus/ios"
  eraser:
    :path: ".symlinks/plugins/eraser/ios"
  Flutter:
    :path: Flutter
  flutter_secure_storage:
    :path: ".symlinks/plugins/flutter_secure_storage/ios"
  isar_community_flutter_libs:
    :path: ".symlinks/plugins/isar_community_flutter_libs/ios"
  nsd_ios:
    :path: ".symlinks/plugins/nsd_ios/ios"
  open_filex:
    :path: ".symlinks/plugins/open_filex/ios"

SPEC CHECKSUMS:
  device_info_plus: 97af1d7e84681a90d0693e63169a5d50e0839a0d
  eraser: 23d701c0ff53a9d042581459b752fd76a6ad6ca4
  Flutter: 71a624a5bc0c04062bf19101d501e466baf2fb47
  flutter_secure_storage: d33dac7ae2ea08509be337e775f6b59f1ff45f12
  isar_community_flutter_libs: cf478bdca01f7fb2bde0320930a785456748f1ad
  nsd_ios: b53035e1341e25ef8ff2c1ca4b8f727fe5e3c441
  open_filex: 6e26e659846ec990262224a12ef1c528bb4edbe4

PODFILE CHECKSUM: 8c2b4e95d64e76d7d8346b76a86c67264a6ab784

COCOAPODS: 1.17.0
